
Microsoft Visual Studio Solution File, Format Version 12.00
# Visual Studio Version 17
VisualStudioVersion = 17.6.33723.286
MinimumVisualStudioVersion = 10.0.40219.1
Project("{FAE04EC0-301F-11D3-BF4B-00C04F79EFBC}") = "SOLID_Examples", "SOLID_Examples\SOLID_Examples.csproj", "{4AF99022-2C40-4595-B063-E9419538561E}"
EndProject
Global
	GlobalSection(SolutionConfigurationPlatforms) = preSolution
		Debug|Any CPU = Debug|Any CPU
		Release|Any CPU = Release|Any CPU
	EndGlobalSection
	GlobalSection(ProjectConfigurationPlatforms) = postSolution
		{4AF99022-2C40-4595-B063-E9419538561E}.Debug|Any CPU.ActiveCfg = Debug|Any CPU
		{4AF99022-2C40-4595-B063-E9419538561E}.Debug|Any CPU.Build.0 = Debug|Any CPU
		{4AF99022-2C40-4595-B063-E9419538561E}.Release|Any CPU.ActiveCfg = Release|Any CPU
		{4AF99022-2C40-4595-B063-E9419538561E}.Release|Any CPU.Build.0 = Release|Any CPU
	EndGlobalSection
	GlobalSection(SolutionProperties) = preSolution
		HideSolutionNode = FALSE
	EndGlobalSection
	GlobalSection(ExtensibilityGlobals) = postSolution
		SolutionGuid = {F5D1397C-C692-4FAF-A8A9-AA836EC79B40}
	EndGlobalSection
EndGlobal
